
Microsoft Visual Studio Solution File, Format Version 12.00
# Visual Studio Version 16
VisualStudioVersion = 16.0.31624.102
MinimumVisualStudioVersion = 10.0.40219.1
Project("{9A19103F-16F7-4668-BE54-9A1E7A4F7556}") = "Jutsu.Telegarm.Bot", "TgBotFramework\Jutsu.Telegarm.Bot.csproj", "{400D6BFB-9E5F-4FD1-9918-95F7497C24F0}"
EndProject
Project("{9A19103F-16F7-4668-BE54-9A1E7A4F7556}") = "CliverBot.Console", "CliverBot.Console\CliverBot.Console.csproj", "{660320EF-F127-4DB6-ADC7-BD4E2529DBCA}"
EndProject
Project("{9A19103F-16F7-4668-BE54-9A1E7A4F7556}") = "Jutsu.Telegram.Bot.Tests", "Jutsu.Telegram.Bot.Tests\Jutsu.Telegram.Bot.Tests.csproj", "{262EFB3B-87D8-44F2-9CBF-0B90D4B9E62E}"
EndProject
Project("{FAE04EC0-301F-11D3-BF4B-00C04F79EFBC}") = "Htlv.Parser", "Htlv.Parser\Htlv.Parser.csproj", "{62BE6A4C-C21F-4B3F-8153-3450191F5CC0}"
EndProject
Global
	GlobalSection(SolutionConfigurationPlatforms) = preSolution
		Debug|Any CPU = Debug|Any CPU
		Release|Any CPU = Release|Any CPU
	EndGlobalSection
	GlobalSection(ProjectConfigurationPlatforms) = postSolution
		{400D6BFB-9E5F-4FD1-9918-95F7497C24F0}.Debug|Any CPU.ActiveCfg = Debug|Any CPU
		{400D6BFB-9E5F-4FD1-9918-95F7497C24F0}.Debug|Any CPU.Build.0 = Debug|Any CPU
		{400D6BFB-9E5F-4FD1-9918-95F7497C24F0}.Release|Any CPU.ActiveCfg = Release|Any CPU
		{400D6BFB-9E5F-4FD1-9918-95F7497C24F0}.Release|Any CPU.Build.0 = Release|Any CPU
		{660320EF-F127-4DB6-ADC7-BD4E2529DBCA}.Debug|Any CPU.ActiveCfg = Debug|Any CPU
		{660320EF-F127-4DB6-ADC7-BD4E2529DBCA}.Debug|Any CPU.Build.0 = Debug|Any CPU
		{660320EF-F127-4DB6-ADC7-BD4E2529DBCA}.Release|Any CPU.ActiveCfg = Release|Any CPU
		{660320EF-F127-4DB6-ADC7-BD4E2529DBCA}.Release|Any CPU.Build.0 = Release|Any CPU
		{262EFB3B-87D8-44F2-9CBF-0B90D4B9E62E}.Debug|Any CPU.ActiveCfg = Debug|Any CPU
		{262EFB3B-87D8-44F2-9CBF-0B90D4B9E62E}.Debug|Any CPU.Build.0 = Debug|Any CPU
		{262EFB3B-87D8-44F2-9CBF-0B90D4B9E62E}.Release|Any CPU.ActiveCfg = Release|Any CPU
		{262EFB3B-87D8-44F2-9CBF-0B90D4B9E62E}.Release|Any CPU.Build.0 = Release|Any CPU
		{62BE6A4C-C21F-4B3F-8153-3450191F5CC0}.Debug|Any CPU.ActiveCfg = Debug|Any CPU
		{62BE6A4C-C21F-4B3F-8153-3450191F5CC0}.Debug|Any CPU.Build.0 = Debug|Any CPU
		{62BE6A4C-C21F-4B3F-8153-3450191F5CC0}.Release|Any CPU.ActiveCfg = Release|Any CPU
		{62BE6A4C-C21F-4B3F-8153-3450191F5CC0}.Release|Any CPU.Build.0 = Release|Any CPU
	EndGlobalSection
	GlobalSection(SolutionProperties) = preSolution
		HideSolutionNode = FALSE
	EndGlobalSection
	GlobalSection(ExtensibilityGlobals) = postSolution
		SolutionGuid = {EE90EB56-FD22-4E8D-A70B-D3063CBD1523}
	EndGlobalSection
EndGlobal
